
Microsoft Visual Studio Solution File, Format Version 12.00
# Visual Studio Version 17
VisualStudioVersion = 17.0.32014.148
MinimumVisualStudioVersion = 10.0.40219.1
Project("{9A19103F-16F7-4668-BE54-9A1E7A4F7556}") = "ReactWithDotNet.VisualDesigner", "ReactWithDotNet.VisualDesigner\ReactWithDotNet.VisualDesigner.csproj", "{A995C489-B0D2-4E43-80AA-D3E2BDFF9C07}"
EndProject
Project("{FAE04EC0-301F-11D3-BF4B-00C04F79EFBC}") = "ReactWithDotNet.VisualDesigner.Test", "ReactWithDotNet.VisualDesigner.Test\ReactWithDotNet.VisualDesigner.Test.csproj", "{9BB39A70-CDC3-4F24-A7CE-93FD78AEE253}"
EndProject
Project("{FAE04EC0-301F-11D3-BF4B-00C04F79EFBC}") = "VsOpenFileAtLine", "VsOpenFileAtLine\VsOpenFileAtLine.csproj", "{308971CA-490F-48F8-A074-34C194E03AFE}"
EndProject
Global
	GlobalSection(SolutionConfigurationPlatforms) = preSolution
		Debug|Any CPU = Debug|Any CPU
		Release|Any CPU = Release|Any CPU
	EndGlobalSection
	GlobalSection(ProjectConfigurationPlatforms) = postSolution
		{A995C489-B0D2-4E43-80AA-D3E2BDFF9C07}.Debug|Any CPU.ActiveCfg = Debug|Any CPU
		{A995C489-B0D2-4E43-80AA-D3E2BDFF9C07}.Debug|Any CPU.Build.0 = Debug|Any CPU
		{A995C489-B0D2-4E43-80AA-D3E2BDFF9C07}.Release|Any CPU.ActiveCfg = Release|Any CPU
		{A995C489-B0D2-4E43-80AA-D3E2BDFF9C07}.Release|Any CPU.Build.0 = Release|Any CPU
		{9BB39A70-CDC3-4F24-A7CE-93FD78AEE253}.Debug|Any CPU.ActiveCfg = Debug|Any CPU
		{9BB39A70-CDC3-4F24-A7CE-93FD78AEE253}.Debug|Any CPU.Build.0 = Debug|Any CPU
		{9BB39A70-CDC3-4F24-A7CE-93FD78AEE253}.Release|Any CPU.ActiveCfg = Release|Any CPU
		{9BB39A70-CDC3-4F24-A7CE-93FD78AEE253}.Release|Any CPU.Build.0 = Release|Any CPU
		{308971CA-490F-48F8-A074-34C194E03AFE}.Debug|Any CPU.ActiveCfg = Debug|Any CPU
		{308971CA-490F-48F8-A074-34C194E03AFE}.Debug|Any CPU.Build.0 = Debug|Any CPU
		{308971CA-490F-48F8-A074-34C194E03AFE}.Release|Any CPU.ActiveCfg = Release|Any CPU
		{308971CA-490F-48F8-A074-34C194E03AFE}.Release|Any CPU.Build.0 = Release|Any CPU
	EndGlobalSection
	GlobalSection(SolutionProperties) = preSolution
		HideSolutionNode = FALSE
	EndGlobalSection
	GlobalSection(ExtensibilityGlobals) = postSolution
		SolutionGuid = {DE2102C7-A6D2-4046-90A1-F2BFA3DF5035}
	EndGlobalSection
EndGlobal
