
Microsoft Visual Studio Solution File, Format Version 12.00
# Visual Studio Version 17
VisualStudioVersion = 17.14.36616.10
MinimumVisualStudioVersion = 10.0.40219.1
Project("{FAE04EC0-301F-11D3-BF4B-00C04F79EFBC}") = "b-digital-api-to-ts-exporter", "b-digital-api-to-ts-exporter\b-digital-api-to-ts-exporter.csproj", "{85C7DFDF-E688-B438-A547-21D7328320F8}"
EndProject
Project("{FAE04EC0-301F-11D3-BF4B-00C04F79EFBC}") = "b-visual-designer", "b-visual-designer\b-visual-designer.csproj", "{A208826D-5342-0DD5-783C-7E372C9C4108}"
EndProject
Project("{FAE04EC0-301F-11D3-BF4B-00C04F79EFBC}") = "ApiInspector", "ApiInspector\ApiInspector.csproj", "{92E6593E-A095-0037-7FFD-D0D76D54FF13}"
EndProject
Project("{FAE04EC0-301F-11D3-BF4B-00C04F79EFBC}") = "BOACard-Entity-Generator", "BOACard-Entity-Generator\BOACard-Entity-Generator.csproj", "{435C4AE7-5C16-BA54-F54B-3342B003EBAC}"
EndProject
Project("{FAE04EC0-301F-11D3-BF4B-00C04F79EFBC}") = "BOA-OneDesigner", "BOA-OneDesigner\BOA-OneDesigner.csproj", "{72986833-3A80-69EE-A2EE-4A3477E9D08B}"
EndProject
Global
	GlobalSection(SolutionConfigurationPlatforms) = preSolution
		Debug|Any CPU = Debug|Any CPU
		Release|Any CPU = Release|Any CPU
	EndGlobalSection
	GlobalSection(ProjectConfigurationPlatforms) = postSolution
		{85C7DFDF-E688-B438-A547-21D7328320F8}.Debug|Any CPU.ActiveCfg = Debug|Any CPU
		{85C7DFDF-E688-B438-A547-21D7328320F8}.Debug|Any CPU.Build.0 = Debug|Any CPU
		{85C7DFDF-E688-B438-A547-21D7328320F8}.Release|Any CPU.ActiveCfg = Release|Any CPU
		{85C7DFDF-E688-B438-A547-21D7328320F8}.Release|Any CPU.Build.0 = Release|Any CPU
		{A208826D-5342-0DD5-783C-7E372C9C4108}.Debug|Any CPU.ActiveCfg = Debug|Any CPU
		{A208826D-5342-0DD5-783C-7E372C9C4108}.Debug|Any CPU.Build.0 = Debug|Any CPU
		{A208826D-5342-0DD5-783C-7E372C9C4108}.Release|Any CPU.ActiveCfg = Release|Any CPU
		{A208826D-5342-0DD5-783C-7E372C9C4108}.Release|Any CPU.Build.0 = Release|Any CPU
		{92E6593E-A095-0037-7FFD-D0D76D54FF13}.Debug|Any CPU.ActiveCfg = Debug|Any CPU
		{92E6593E-A095-0037-7FFD-D0D76D54FF13}.Debug|Any CPU.Build.0 = Debug|Any CPU
		{92E6593E-A095-0037-7FFD-D0D76D54FF13}.Release|Any CPU.ActiveCfg = Release|Any CPU
		{92E6593E-A095-0037-7FFD-D0D76D54FF13}.Release|Any CPU.Build.0 = Release|Any CPU
		{435C4AE7-5C16-BA54-F54B-3342B003EBAC}.Debug|Any CPU.ActiveCfg = Debug|Any CPU
		{435C4AE7-5C16-BA54-F54B-3342B003EBAC}.Debug|Any CPU.Build.0 = Debug|Any CPU
		{435C4AE7-5C16-BA54-F54B-3342B003EBAC}.Release|Any CPU.ActiveCfg = Release|Any CPU
		{435C4AE7-5C16-BA54-F54B-3342B003EBAC}.Release|Any CPU.Build.0 = Release|Any CPU
		{72986833-3A80-69EE-A2EE-4A3477E9D08B}.Debug|Any CPU.ActiveCfg = Debug|Any CPU
		{72986833-3A80-69EE-A2EE-4A3477E9D08B}.Debug|Any CPU.Build.0 = Debug|Any CPU
		{72986833-3A80-69EE-A2EE-4A3477E9D08B}.Release|Any CPU.ActiveCfg = Release|Any CPU
		{72986833-3A80-69EE-A2EE-4A3477E9D08B}.Release|Any CPU.Build.0 = Release|Any CPU
	EndGlobalSection
	GlobalSection(SolutionProperties) = preSolution
		HideSolutionNode = FALSE
	EndGlobalSection
	GlobalSection(ExtensibilityGlobals) = postSolution
		SolutionGuid = {19F75E52-84BC-46CF-B2D9-8DE976329968}
	EndGlobalSection
EndGlobal
